
Microsoft Visual Studio Solution File, Format Version 12.00
# Visual Studio Version 17
VisualStudioVersion = 17.13.35913.81
MinimumVisualStudioVersion = 10.0.40219.1
Project("{8BC9CEB8-8B4A-11D0-8D11-00A0C91BC942}") = "OpenGLForFun", "OpenGLForFun.vcxproj", "{E096C739-D9B5-4A7A-98F0-E683C3F41EEA}"
EndProject
Global
	GlobalSection(SolutionConfigurationPlatforms) = preSolution
		Debug|x64 = Debug|x64
		Debug|x86 = Debug|x86
		Release|x64 = Release|x64
		Release|x86 = Release|x86
	EndGlobalSection
	GlobalSection(ProjectConfigurationPlatforms) = postSolution
		{E096C739-D9B5-4A7A-98F0-E683C3F41EEA}.Debug|x64.ActiveCfg = Debug|x64
		{E096C739-D9B5-4A7A-98F0-E683C3F41EEA}.Debug|x64.Build.0 = Debug|x64
		{E096C739-D9B5-4A7A-98F0-E683C3F41EEA}.Debug|x86.ActiveCfg = Debug|Win32
		{E096C739-D9B5-4A7A-98F0-E683C3F41EEA}.Debug|x86.Build.0 = Debug|Win32
		{E096C739-D9B5-4A7A-98F0-E683C3F41EEA}.Release|x64.ActiveCfg = Release|x64
		{E096C739-D9B5-4A7A-98F0-E683C3F41EEA}.Release|x64.Build.0 = Release|x64
		{E096C739-D9B5-4A7A-98F0-E683C3F41EEA}.Release|x86.ActiveCfg = Release|Win32
		{E096C739-D9B5-4A7A-98F0-E683C3F41EEA}.Release|x86.Build.0 = Release|Win32
	EndGlobalSection
	GlobalSection(SolutionProperties) = preSolution
		HideSolutionNode = FALSE
	EndGlobalSection
	GlobalSection(ExtensibilityGlobals) = postSolution
		SolutionGuid = {7CF3A047-1B40-47E5-ABE9-5C9B2CFDA921}
	EndGlobalSection
EndGlobal
